
Microsoft Visual Studio Solution File, Format Version 12.00
# Visual Studio 14
VisualStudioVersion = 14.0.25420.1
MinimumVisualStudioVersion = 10.0.40219.1
Project("{FAE04EC0-301F-11D3-BF4B-00C04F79EFBC}") = "BattleShip.UI", "BattleShip.UI\BattleShip.UI.csproj", "{63998525-A24E-447F-B35F-76096BFB8D6B}"
EndProject
Project("{FAE04EC0-301F-11D3-BF4B-00C04F79EFBC}") = "BattleShip.BLL", "BattleShip.BLL\BattleShip.BLL.csproj", "{F8B43DA0-2853-4B79-8BFE-B25C658C4A9B}"
EndProject
Project("{FAE04EC0-301F-11D3-BF4B-00C04F79EFBC}") = "Battleship.Tests", "Battleship.Tests\Battleship.Tests.csproj", "{997627A8-9CB3-4615-943A-1D9B2DB036B2}"
EndProject
Project("{FAE04EC0-301F-11D3-BF4B-00C04F79EFBC}") = "Cars", "Cars\Cars.csproj", "{45BB87DC-35A8-4CAC-AECD-EB35F4F971FE}"
EndProject
Project("{FAE04EC0-301F-11D3-BF4B-00C04F79EFBC}") = "PingPong", "PingPong\PingPong.csproj", "{335C946F-00E6-4888-A009-827E6B0AAD20}"
EndProject
Project("{FAE04EC0-301F-11D3-BF4B-00C04F79EFBC}") = "Snake", "Snake\Snake.csproj", "{3AFB18FB-ECDC-40FE-B10E-3B34C2B8D610}"
EndProject
Project("{FAE04EC0-301F-11D3-BF4B-00C04F79EFBC}") = "Tetris", "Tetris\Tetris.csproj", "{B920B046-AC8E-4B85-A4BB-A81C1A235BA8}"
EndProject
Project("{FAE04EC0-301F-11D3-BF4B-00C04F79EFBC}") = "Tron", "Tron\Tron.csproj", "{7331B390-A4D9-4CB9-8FF9-106DD2B181CB}"
EndProject
Project("{FAE04EC0-301F-11D3-BF4B-00C04F79EFBC}") = "ChatBotProject", "ChatBotProject\ChatBotProject.csproj", "{5F22DF2D-9238-4268-ABBB-2364E3C718E7}"
EndProject
Project("{FAE04EC0-301F-11D3-BF4B-00C04F79EFBC}") = "InventorySystem1.0", "InventorySystem1.0\InventorySystem1.0.csproj", "{CA97507A-5B5D-495E-9A8A-7948598FCB78}"
EndProject
Project("{FAE04EC0-301F-11D3-BF4B-00C04F79EFBC}") = "InventorySystem1.1", "InventorySystem1.1\InventorySystem1.1.csproj", "{AD10BCEC-F85F-4391-BE9F-BA16688DCC58}"
EndProject
Project("{FAE04EC0-301F-11D3-BF4B-00C04F79EFBC}") = "InventorySystem1.2", "InventorySystem1.2\InventorySystem1.2.csproj", "{ED517886-A8D2-42A2-9066-C0035D874F99}"
EndProject
Project("{FAE04EC0-301F-11D3-BF4B-00C04F79EFBC}") = "InventorySystem1.3", "InventorySystem1.3\InventorySystem1.3.csproj", "{B17A50CC-83B3-4CC9-8E11-698FD1C36605}"
EndProject
Project("{FAE04EC0-301F-11D3-BF4B-00C04F79EFBC}") = "InventorySystem1.4", "InventorySystem1.4\InventorySystem1.4.csproj", "{1A0ACCFE-DB0D-4B01-A2A2-02C0BC1EDEFB}"
EndProject
Project("{FAE04EC0-301F-11D3-BF4B-00C04F79EFBC}") = "InventorySystem1.5", "InventorySystem1.5\InventorySystem1.5.csproj", "{0DBE0D39-4D6A-4CB9-A2C5-54841C6C7A40}"
EndProject
Project("{FAE04EC0-301F-11D3-BF4B-00C04F79EFBC}") = "InventorySystem1.6", "InventorySystem1.6\InventorySystem1.6.csproj", "{63A758DC-0318-4EA6-9FEB-6D52C50DE2E6}"
EndProject
Project("{FAE04EC0-301F-11D3-BF4B-00C04F79EFBC}") = "InventorySystem1.7", "InventorySystem1.7\InventorySystem1.7.csproj", "{55F98CD4-B8C8-468C-8729-9587A5F9B22A}"
EndProject
Project("{FAE04EC0-301F-11D3-BF4B-00C04F79EFBC}") = "InventorySystem1.8", "InventorySystem1.8\InventorySystem1.8.csproj", "{6EE9A11B-4965-42BB-B3AC-2B463BE54AE4}"
EndProject
Project("{FAE04EC0-301F-11D3-BF4B-00C04F79EFBC}") = "InventorySystem1.9", "InventorySystem1.9\InventorySystem1.9.csproj", "{F254EF1D-E150-4DAA-B6C2-859D32B54C0F}"
EndProject
Project("{FAE04EC0-301F-11D3-BF4B-00C04F79EFBC}") = "PayrollSytem", "PayrollSys\PayrollSytem\PayrollSytem.csproj", "{C3DE3A1C-B4D3-46D5-80AA-6945921AEE34}"
EndProject
Project("{FAE04EC0-301F-11D3-BF4B-00C04F79EFBC}") = "PayrollSytem1", "PayrollSys - Copy\PayrollSytem\PayrollSytem1.csproj", "{C945B383-7B33-4226-82C7-248B04D06DC1}"
EndProject
Project("{FAE04EC0-301F-11D3-BF4B-00C04F79EFBC}") = "PayrollSytem2", "PayrollSys - Copy (2)\PayrollSytem\PayrollSytem2.csproj", "{F61AC9CA-7565-486D-9AE5-C92B751178D9}"
EndProject
Project("{FAE04EC0-301F-11D3-BF4B-00C04F79EFBC}") = "PayrollSytem3", "PayrollSys - Copy (3)\PayrollSytem\PayrollSytem3.csproj", "{A76589EF-0063-4865-BEBD-A5FDE72B3CD2}"
EndProject
Project("{FAE04EC0-301F-11D3-BF4B-00C04F79EFBC}") = "PayrollSytem4", "PayrollSys - Copy (4)\PayrollSytem\PayrollSytem4.csproj", "{FC9D0401-055D-44FE-B37E-2B5EB1E0DCAB}"
EndProject
Project("{FAE04EC0-301F-11D3-BF4B-00C04F79EFBC}") = "PayrollSytem5", "PayrollSys - Copy (5)\PayrollSytem\PayrollSytem5.csproj", "{16A0540A-F7F7-46A9-9969-32B32F5460E4}"
EndProject
Project("{FAE04EC0-301F-11D3-BF4B-00C04F79EFBC}") = "PayrollSytem6", "PayrollSys - Copy (6)\PayrollSytem\PayrollSytem6.csproj", "{42A7FA70-DD16-4571-8956-501F66425BE1}"
EndProject
Project("{FAE04EC0-301F-11D3-BF4B-00C04F79EFBC}") = "PayrollSytem7", "PayrollSys - Copy (7)\PayrollSytem\PayrollSytem7.csproj", "{A9C8C55A-10C0-4357-8398-0E2FD2BFD1E9}"
EndProject
Project("{FAE04EC0-301F-11D3-BF4B-00C04F79EFBC}") = "PayrollSytem8", "PayrollSys - Copy (8)\PayrollSytem\PayrollSytem8.csproj", "{3BAE19FD-93DA-4C82-9DAD-6BA4B5D0AEF7}"
EndProject
Project("{FAE04EC0-301F-11D3-BF4B-00C04F79EFBC}") = "PayrollSytem9", "PayrollSys - Copy (9)\PayrollSytem\PayrollSytem9.csproj", "{7E88B13D-7590-4E50-85D6-C92BC7D717A4}"
EndProject
Global
	GlobalSection(SolutionConfigurationPlatforms) = preSolution
		Debug|Any CPU = Debug|Any CPU
		Release|Any CPU = Release|Any CPU
	EndGlobalSection
	GlobalSection(ProjectConfigurationPlatforms) = postSolution
		{63998525-A24E-447F-B35F-76096BFB8D6B}.Debug|Any CPU.ActiveCfg = Debug|Any CPU
		{63998525-A24E-447F-B35F-76096BFB8D6B}.Debug|Any CPU.Build.0 = Debug|Any CPU
		{63998525-A24E-447F-B35F-76096BFB8D6B}.Release|Any CPU.ActiveCfg = Release|Any CPU
		{63998525-A24E-447F-B35F-76096BFB8D6B}.Release|Any CPU.Build.0 = Release|Any CPU
		{F8B43DA0-2853-4B79-8BFE-B25C658C4A9B}.Debug|Any CPU.ActiveCfg = Debug|Any CPU
		{F8B43DA0-2853-4B79-8BFE-B25C658C4A9B}.Debug|Any CPU.Build.0 = Debug|Any CPU
		{F8B43DA0-2853-4B79-8BFE-B25C658C4A9B}.Release|Any CPU.ActiveCfg = Release|Any CPU
		{F8B43DA0-2853-4B79-8BFE-B25C658C4A9B}.Release|Any CPU.Build.0 = Release|Any CPU
		{997627A8-9CB3-4615-943A-1D9B2DB036B2}.Debug|Any CPU.ActiveCfg = Debug|Any CPU
		{997627A8-9CB3-4615-943A-1D9B2DB036B2}.Debug|Any CPU.Build.0 = Debug|Any CPU
		{997627A8-9CB3-4615-943A-1D9B2DB036B2}.Release|Any CPU.ActiveCfg = Release|Any CPU
		{997627A8-9CB3-4615-943A-1D9B2DB036B2}.Release|Any CPU.Build.0 = Release|Any CPU
		{45BB87DC-35A8-4CAC-AECD-EB35F4F971FE}.Debug|Any CPU.ActiveCfg = Debug|Any CPU
		{45BB87DC-35A8-4CAC-AECD-EB35F4F971FE}.Debug|Any CPU.Build.0 = Debug|Any CPU
		{45BB87DC-35A8-4CAC-AECD-EB35F4F971FE}.Release|Any CPU.ActiveCfg = Release|Any CPU
		{45BB87DC-35A8-4CAC-AECD-EB35F4F971FE}.Release|Any CPU.Build.0 = Release|Any CPU
		{335C946F-00E6-4888-A009-827E6B0AAD20}.Debug|Any CPU.ActiveCfg = Debug|Any CPU
		{335C946F-00E6-4888-A009-827E6B0AAD20}.Debug|Any CPU.Build.0 = Debug|Any CPU
		{335C946F-00E6-4888-A009-827E6B0AAD20}.Release|Any CPU.ActiveCfg = Release|Any CPU
		{335C946F-00E6-4888-A009-827E6B0AAD20}.Release|Any CPU.Build.0 = Release|Any CPU
		{3AFB18FB-ECDC-40FE-B10E-3B34C2B8D610}.Debug|Any CPU.ActiveCfg = Debug|Any CPU
		{3AFB18FB-ECDC-40FE-B10E-3B34C2B8D610}.Debug|Any CPU.Build.0 = Debug|Any CPU
		{3AFB18FB-ECDC-40FE-B10E-3B34C2B8D610}.Release|Any CPU.ActiveCfg = Release|Any CPU
		{3AFB18FB-ECDC-40FE-B10E-3B34C2B8D610}.Release|Any CPU.Build.0 = Release|Any CPU
		{B920B046-AC8E-4B85-A4BB-A81C1A235BA8}.Debug|Any CPU.ActiveCfg = Debug|Any CPU
		{B920B046-AC8E-4B85-A4BB-A81C1A235BA8}.Debug|Any CPU.Build.0 = Debug|Any CPU
		{B920B046-AC8E-4B85-A4BB-A81C1A235BA8}.Release|Any CPU.ActiveCfg = Release|Any CPU
		{B920B046-AC8E-4B85-A4BB-A81C1A235BA8}.Release|Any CPU.Build.0 = Release|Any CPU
		{7331B390-A4D9-4CB9-8FF9-106DD2B181CB}.Debug|Any CPU.ActiveCfg = Debug|Any CPU
		{7331B390-A4D9-4CB9-8FF9-106DD2B181CB}.Debug|Any CPU.Build.0 = Debug|Any CPU
		{7331B390-A4D9-4CB9-8FF9-106DD2B181CB}.Release|Any CPU.ActiveCfg = Release|Any CPU
		{7331B390-A4D9-4CB9-8FF9-106DD2B181CB}.Release|Any CPU.Build.0 = Release|Any CPU
		{5F22DF2D-9238-4268-ABBB-2364E3C718E7}.Debug|Any CPU.ActiveCfg = Debug|Any CPU
		{5F22DF2D-9238-4268-ABBB-2364E3C718E7}.Debug|Any CPU.Build.0 = Debug|Any CPU
		{5F22DF2D-9238-4268-ABBB-2364E3C718E7}.Release|Any CPU.ActiveCfg = Release|Any CPU
		{5F22DF2D-9238-4268-ABBB-2364E3C718E7}.Release|Any CPU.Build.0 = Release|Any CPU
		{CA97507A-5B5D-495E-9A8A-7948598FCB78}.Debug|Any CPU.ActiveCfg = Debug|Any CPU
		{CA97507A-5B5D-495E-9A8A-7948598FCB78}.Debug|Any CPU.Build.0 = Debug|Any CPU
		{CA97507A-5B5D-495E-9A8A-7948598FCB78}.Release|Any CPU.ActiveCfg = Release|Any CPU
		{CA97507A-5B5D-495E-9A8A-7948598FCB78}.Release|Any CPU.Build.0 = Release|Any CPU
		{AD10BCEC-F85F-4391-BE9F-BA16688DCC58}.Debug|Any CPU.ActiveCfg = Debug|Any CPU
		{AD10BCEC-F85F-4391-BE9F-BA16688DCC58}.Debug|Any CPU.Build.0 = Debug|Any CPU
		{AD10BCEC-F85F-4391-BE9F-BA16688DCC58}.Release|Any CPU.ActiveCfg = Release|Any CPU
		{AD10BCEC-F85F-4391-BE9F-BA16688DCC58}.Release|Any CPU.Build.0 = Release|Any CPU
		{ED517886-A8D2-42A2-9066-C0035D874F99}.Debug|Any CPU.ActiveCfg = Debug|Any CPU
		{ED517886-A8D2-42A2-9066-C0035D874F99}.Debug|Any CPU.Build.0 = Debug|Any CPU
		{ED517886-A8D2-42A2-9066-C0035D874F99}.Release|Any CPU.ActiveCfg = Release|Any CPU
		{ED517886-A8D2-42A2-9066-C0035D874F99}.Release|Any CPU.Build.0 = Release|Any CPU
		{B17A50CC-83B3-4CC9-8E11-698FD1C36605}.Debug|Any CPU.ActiveCfg = Debug|Any CPU
		{B17A50CC-83B3-4CC9-8E11-698FD1C36605}.Debug|Any CPU.Build.0 = Debug|Any CPU
		{B17A50CC-83B3-4CC9-8E11-698FD1C36605}.Release|Any CPU.ActiveCfg = Release|Any CPU
		{B17A50CC-83B3-4CC9-8E11-698FD1C36605}.Release|Any CPU.Build.0 = Release|Any CPU
		{1A0ACCFE-DB0D-4B01-A2A2-02C0BC1EDEFB}.Debug|Any CPU.ActiveCfg = Debug|Any CPU
		{1A0ACCFE-DB0D-4B01-A2A2-02C0BC1EDEFB}.Debug|Any CPU.Build.0 = Debug|Any CPU
		{1A0ACCFE-DB0D-4B01-A2A2-02C0BC1EDEFB}.Release|Any CPU.ActiveCfg = Release|Any CPU
		{1A0ACCFE-DB0D-4B01-A2A2-02C0BC1EDEFB}.Release|Any CPU.Build.0 = Release|Any CPU
		{0DBE0D39-4D6A-4CB9-A2C5-54841C6C7A40}.Debug|Any CPU.ActiveCfg = Debug|Any CPU
		{0DBE0D39-4D6A-4CB9-A2C5-54841C6C7A40}.Debug|Any CPU.Build.0 = Debug|Any CPU
		{0DBE0D39-4D6A-4CB9-A2C5-54841C6C7A40}.Release|Any CPU.ActiveCfg = Release|Any CPU
		{0DBE0D39-4D6A-4CB9-A2C5-54841C6C7A40}.Release|Any CPU.Build.0 = Release|Any CPU
		{63A758DC-0318-4EA6-9FEB-6D52C50DE2E6}.Debug|Any CPU.ActiveCfg = Debug|Any CPU
		{63A758DC-0318-4EA6-9FEB-6D52C50DE2E6}.Debug|Any CPU.Build.0 = Debug|Any CPU
		{63A758DC-0318-4EA6-9FEB-6D52C50DE2E6}.Release|Any CPU.ActiveCfg = Release|Any CPU
		{63A758DC-0318-4EA6-9FEB-6D52C50DE2E6}.Release|Any CPU.Build.0 = Release|Any CPU
		{55F98CD4-B8C8-468C-8729-9587A5F9B22A}.Debug|Any CPU.ActiveCfg = Debug|Any CPU
		{55F98CD4-B8C8-468C-8729-9587A5F9B22A}.Debug|Any CPU.Build.0 = Debug|Any CPU
		{55F98CD4-B8C8-468C-8729-9587A5F9B22A}.Release|Any CPU.ActiveCfg = Release|Any CPU
		{55F98CD4-B8C8-468C-8729-9587A5F9B22A}.Release|Any CPU.Build.0 = Release|Any CPU
		{6EE9A11B-4965-42BB-B3AC-2B463BE54AE4}.Debug|Any CPU.ActiveCfg = Debug|Any CPU
		{6EE9A11B-4965-42BB-B3AC-2B463BE54AE4}.Debug|Any CPU.Build.0 = Debug|Any CPU
		{6EE9A11B-4965-42BB-B3AC-2B463BE54AE4}.Release|Any CPU.ActiveCfg = Release|Any CPU
		{6EE9A11B-4965-42BB-B3AC-2B463BE54AE4}.Release|Any CPU.Build.0 = Release|Any CPU
		{F254EF1D-E150-4DAA-B6C2-859D32B54C0F}.Debug|Any CPU.ActiveCfg = Debug|Any CPU
		{F254EF1D-E150-4DAA-B6C2-859D32B54C0F}.Debug|Any CPU.Build.0 = Debug|Any CPU
		{F254EF1D-E150-4DAA-B6C2-859D32B54C0F}.Release|Any CPU.ActiveCfg = Release|Any CPU
		{F254EF1D-E150-4DAA-B6C2-859D32B54C0F}.Release|Any CPU.Build.0 = Release|Any CPU
		{C3DE3A1C-B4D3-46D5-80AA-6945921AEE34}.Debug|Any CPU.ActiveCfg = Debug|Any CPU
		{C3DE3A1C-B4D3-46D5-80AA-6945921AEE34}.Debug|Any CPU.Build.0 = Debug|Any CPU
		{C3DE3A1C-B4D3-46D5-80AA-6945921AEE34}.Release|Any CPU.ActiveCfg = Release|Any CPU
		{C3DE3A1C-B4D3-46D5-80AA-6945921AEE34}.Release|Any CPU.Build.0 = Release|Any CPU
		{C945B383-7B33-4226-82C7-248B04D06DC1}.Debug|Any CPU.ActiveCfg = Debug|Any CPU
		{C945B383-7B33-4226-82C7-248B04D06DC1}.Debug|Any CPU.Build.0 = Debug|Any CPU
		{C945B383-7B33-4226-82C7-248B04D06DC1}.Release|Any CPU.ActiveCfg = Release|Any CPU
		{C945B383-7B33-4226-82C7-248B04D06DC1}.Release|Any CPU.Build.0 = Release|Any CPU
		{F61AC9CA-7565-486D-9AE5-C92B751178D9}.Debug|Any CPU.ActiveCfg = Debug|Any CPU
		{F61AC9CA-7565-486D-9AE5-C92B751178D9}.Debug|Any CPU.Build.0 = Debug|Any CPU
		{F61AC9CA-7565-486D-9AE5-C92B751178D9}.Release|Any CPU.ActiveCfg = Release|Any CPU
		{F61AC9CA-7565-486D-9AE5-C92B751178D9}.Release|Any CPU.Build.0 = Release|Any CPU
		{A76589EF-0063-4865-BEBD-A5FDE72B3CD2}.Debug|Any CPU.ActiveCfg = Debug|Any CPU
		{A76589EF-0063-4865-BEBD-A5FDE72B3CD2}.Debug|Any CPU.Build.0 = Debug|Any CPU
		{A76589EF-0063-4865-BEBD-A5FDE72B3CD2}.Release|Any CPU.ActiveCfg = Release|Any CPU
		{A76589EF-0063-4865-BEBD-A5FDE72B3CD2}.Release|Any CPU.Build.0 = Release|Any CPU
		{FC9D0401-055D-44FE-B37E-2B5EB1E0DCAB}.Debug|Any CPU.ActiveCfg = Debug|Any CPU
		{FC9D0401-055D-44FE-B37E-2B5EB1E0DCAB}.Debug|Any CPU.Build.0 = Debug|Any CPU
		{FC9D0401-055D-44FE-B37E-2B5EB1E0DCAB}.Release|Any CPU.ActiveCfg = Release|Any CPU
		{FC9D0401-055D-44FE-B37E-2B5EB1E0DCAB}.Release|Any CPU.Build.0 = Release|Any CPU
		{16A0540A-F7F7-46A9-9969-32B32F5460E4}.Debug|Any CPU.ActiveCfg = Debug|Any CPU
		{16A0540A-F7F7-46A9-9969-32B32F5460E4}.Debug|Any CPU.Build.0 = Debug|Any CPU
		{16A0540A-F7F7-46A9-9969-32B32F5460E4}.Release|Any CPU.ActiveCfg = Release|Any CPU
		{16A0540A-F7F7-46A9-9969-32B32F5460E4}.Release|Any CPU.Build.0 = Release|Any CPU
		{42A7FA70-DD16-4571-8956-501F66425BE1}.Debug|Any CPU.ActiveCfg = Debug|Any CPU
		{42A7FA70-DD16-4571-8956-501F66425BE1}.Debug|Any CPU.Build.0 = Debug|Any CPU
		{42A7FA70-DD16-4571-8956-501F66425BE1}.Release|Any CPU.ActiveCfg = Release|Any CPU
		{42A7FA70-DD16-4571-8956-501F66425BE1}.Release|Any CPU.Build.0 = Release|Any CPU
		{A9C8C55A-10C0-4357-8398-0E2FD2BFD1E9}.Debug|Any CPU.ActiveCfg = Debug|Any CPU
		{A9C8C55A-10C0-4357-8398-0E2FD2BFD1E9}.Debug|Any CPU.Build.0 = Debug|Any CPU
		{A9C8C55A-10C0-4357-8398-0E2FD2BFD1E9}.Release|Any CPU.ActiveCfg = Release|Any CPU
		{A9C8C55A-10C0-4357-8398-0E2FD2BFD1E9}.Release|Any CPU.Build.0 = Release|Any CPU
		{3BAE19FD-93DA-4C82-9DAD-6BA4B5D0AEF7}.Debug|Any CPU.ActiveCfg = Debug|Any CPU
		{3BAE19FD-93DA-4C82-9DAD-6BA4B5D0AEF7}.Debug|Any CPU.Build.0 = Debug|Any CPU
		{3BAE19FD-93DA-4C82-9DAD-6BA4B5D0AEF7}.Release|Any CPU.ActiveCfg = Release|Any CPU
		{3BAE19FD-93DA-4C82-9DAD-6BA4B5D0AEF7}.Release|Any CPU.Build.0 = Release|Any CPU
		{7E88B13D-7590-4E50-85D6-C92BC7D717A4}.Debug|Any CPU.ActiveCfg = Debug|Any CPU
		{7E88B13D-7590-4E50-85D6-C92BC7D717A4}.Debug|Any CPU.Build.0 = Debug|Any CPU
		{7E88B13D-7590-4E50-85D6-C92BC7D717A4}.Release|Any CPU.ActiveCfg = Release|Any CPU
		{7E88B13D-7590-4E50-85D6-C92BC7D717A4}.Release|Any CPU.Build.0 = Release|Any CPU
	EndGlobalSection
	GlobalSection(SolutionProperties) = preSolution
		HideSolutionNode = FALSE
	EndGlobalSection
EndGlobal
